// !$*UTF8*$!
{
	archiveVersion = 1;
	classes = {
	};
	objectVersion = 48;
	objects = {

/* Begin PBXBuildFile section */
		5AF458262010949F00BEB00E /* AppDelegate.swift in Sources */ = {isa = PBXBuildFile; fileRef = 5AF458252010949F00BEB00E /* AppDelegate.swift */; };
		5AF458282010949F00BEB00E /* ViewController.swift in Sources */ = {isa = PBXBuildFile; fileRef = 5AF458272010949F00BEB00E /* ViewController.swift */; };
		5AF4582B2010949F00BEB00E /* Main.storyboard in Resources */ = {isa = PBXBuildFile; fileRef = 5AF458292010949F00BEB00E /* Main.storyboard */; };
		5AF4582D2010949F00BEB00E /* Assets.xcassets in Resources */ = {isa = PBXBuildFile; fileRef = 5AF4582C2010949F00BEB00E /* Assets.xcassets */; };
		5AF458302010949F00BEB00E /* LaunchScreen.storyboard in Resources */ = {isa = PBXBuildFile; fileRef = 5AF4582E2010949F00BEB00E /* LaunchScreen.storyboard */; };
		5AF45838201094DA00BEB00E /* CustomSegmentedContrl.swift in Sources */ = {isa = PBXBuildFile; fileRef = 5AF45837201094DA00BEB00E /* CustomSegmentedContrl.swift */; };
		5AF4583A2010AC0300BEB00E /* VC1.swift in Sources */ = {isa = PBXBuildFile; fileRef = 5AF458392010AC0300BEB00E /* VC1.swift */; };
		5AF4583C2010AC0D00BEB00E /* VC2.swift in Sources */ = {isa = PBXBuildFile; fileRef = 5AF4583B2010AC0D00BEB00E /* VC2.swift */; };
		5AF4583E2010AC1600BEB00E /* VC3.swift in Sources */ = {isa = PBXBuildFile; fileRef = 5AF4583D2010AC1600BEB00E /* VC3.swift */; };
/* End PBXBuildFile section */

/* Begin PBXFileReference section */
		5AF458222010949F00BEB00E /* CustomSEgmentedControl.app */ = {isa = PBXFileReference; explicitFileType = wrapper.application; includeInIndex = 0; path = CustomSEgmentedControl.app; sourceTree = BUILT_PRODUCTS_DIR; };
		5AF458252010949F00BEB00E /* AppDelegate.swift */ = {isa = PBXFileReference; lastKnownFileType = sourcecode.swift; path = AppDelegate.swift; sourceTree = "<group>"; };
		5AF458272010949F00BEB00E /* ViewController.swift */ = {isa = PBXFileReference; lastKnownFileType = sourcecode.swift; path = ViewController.swift; sourceTree = "<group>"; };
		5AF4582A2010949F00BEB00E /* Base */ = {isa = PBXFileReference; lastKnownFileType = file.storyboard; name = Base; path = Base.lproj/Main.storyboard; sourceTree = "<group>"; };
		5AF4582C2010949F00BEB00E /* Assets.xcassets */ = {isa = PBXFileReference; lastKnownFileType = folder.assetcatalog; path = Assets.xcassets; sourceTree = "<group>"; };
		5AF4582F2010949F00BEB00E /* Base */ = {isa = PBXFileReference; lastKnownFileType = file.storyboard; name = Base; path = Base.lproj/LaunchScreen.storyboard; sourceTree = "<group>"; };
		5AF458312010949F00BEB00E /* Info.plist */ = {isa = PBXFileReference; lastKnownFileType = text.plist.xml; path = Info.plist; sourceTree = "<group>"; };
		5AF45837201094DA00BEB00E /* CustomSegmentedContrl.swift */ = {isa = PBXFileReference; lastKnownFileType = sourcecode.swift; path = CustomSegmentedContrl.swift; sourceTree = "<group>"; };
		5AF458392010AC0300BEB00E /* VC1.swift */ = {isa = PBXFileReference; lastKnownFileType = sourcecode.swift; path = VC1.swift; sourceTree = "<group>"; };
		5AF4583B2010AC0D00BEB00E /* VC2.swift */ = {isa = PBXFileReference; lastKnownFileType = sourcecode.swift; path = VC2.swift; sourceTree = "<group>"; };
		5AF4583D2010AC1600BEB00E /* VC3.swift */ = {isa = PBXFileReference; lastKnownFileType = sourcecode.swift; path = VC3.swift; sourceTree = "<group>"; };
/* End PBXFileReference section */

/* Begin PBXFrameworksBuildPhase section */
		5AF4581F2010949F00BEB00E /* Frameworks */ = {
			isa = PBXFrameworksBuildPhase;
			buildActionMask = 2147483647;
			files = (
			);
			runOnlyForDeploymentPostprocessing = 0;
		};
/* End PBXFrameworksBuildPhase section */

/* Begin PBXGroup section */
		5AF458192010949F00BEB00E = {
			isa = PBXGroup;
			children = (
				5AF458242010949F00BEB00E /* CustomSEgmentedControl */,
				5AF458232010949F00BEB00E /* Products */,
			);
			sourceTree = "<group>";
		};
		5AF458232010949F00BEB00E /* Products */ = {
			isa = PBXGroup;
			children = (
				5AF458222010949F00BEB00E /* CustomSEgmentedControl.app */,
			);
			name = Products;
			sourceTree = "<group>";
		};
		5AF458242010949F00BEB00E /* CustomSEgmentedControl */ = {
			isa = PBXGroup;
			children = (
				5AF458252010949F00BEB00E /* AppDelegate.swift */,
				5AF458272010949F00BEB00E /* ViewController.swift */,
				5AF45837201094DA00BEB00E /* CustomSegmentedContrl.swift */,
				5AF458292010949F00BEB00E /* Main.storyboard */,
				5AF4582C2010949F00BEB00E /* Assets.xcassets */,
				5AF4582E2010949F00BEB00E /* LaunchScreen.storyboard */,
				5AF458312010949F00BEB00E /* Info.plist */,
				5AF458392010AC0300BEB00E /* VC1.swift */,
				5AF4583B2010AC0D00BEB00E /* VC2.swift */,
				5AF4583D2010AC1600BEB00E /* VC3.swift */,
			);
			path = CustomSEgmentedControl;
			sourceTree = "<group>";
		};
/* End PBXGroup section */

/* Begin PBXNativeTarget section */
		5AF458212010949F00BEB00E /* CustomSEgmentedControl */ = {
			isa = PBXNativeTarget;
			buildConfigurationList = 5AF458342010949F00BEB00E /* Build configuration list for PBXNativeTarget "CustomSEgmentedControl" */;
			buildPhases = (
				5AF4581E2010949F00BEB00E /* Sources */,
				5AF4581F2010949F00BEB00E /* Frameworks */,
				5AF458202010949F00BEB00E /* Resources */,
			);
			buildRules = (
			);
			dependencies = (
			);
			name = CustomSEgmentedControl;
			productName = CustomSEgmentedControl;
			productReference = 5AF458222010949F00BEB00E /* CustomSEgmentedControl.app */;
			productType = "com.apple.product-type.application";
		};
/* End PBXNativeTarget section */

/* Begin PBXProject section */
		5AF4581A2010949F00BEB00E /* Project object */ = {
			isa = PBXProject;
			attributes = {
				LastSwiftUpdateCheck = 0920;
				LastUpgradeCheck = 0920;
				ORGANIZATIONNAME = "Leela Prasad";
				TargetAttributes = {
					5AF458212010949F00BEB00E = {
						CreatedOnToolsVersion = 9.2;
						ProvisioningStyle = Automatic;
					};
				};
			};
			buildConfigurationList = 5AF4581D2010949F00BEB00E /* Build configuration list for PBXProject "CustomSEgmentedControl" */;
			compatibilityVersion = "Xcode 8.0";
			developmentRegion = en;
			hasScannedForEncodings = 0;
			knownRegions = (
				en,
				Base,
			);
			mainGroup = 5AF458192010949F00BEB00E;
			productRefGroup = 5AF458232010949F00BEB00E /* Products */;
			projectDirPath = "";
			projectRoot = "";
			targets = (
				5AF458212010949F00BEB00E /* CustomSEgmentedControl */,
			);
		};
/* End PBXProject section */

/* Begin PBXResourcesBuildPhase section */
		5AF458202010949F00BEB00E /* Resources */ = {
			isa = PBXResourcesBuildPhase;
			buildActionMask = 2147483647;
			files = (
				5AF458302010949F00BEB00E /* LaunchScreen.storyboard in Resources */,
				5AF4582D2010949F00BEB00E /* Assets.xcassets in Resources */,
				5AF4582B2010949F00BEB00E /* Main.storyboard in Resources */,
			);
			runOnlyForDeploymentPostprocessing = 0;
		};
/* End PBXResourcesBuildPhase section */

/* Begin PBXSourcesBuildPhase section */
		5AF4581E2010949F00BEB00E /* Sources */ = {
			isa = PBXSourcesBuildPhase;
			buildActionMask = 2147483647;
			files = (
				5AF4583E2010AC1600BEB00E /* VC3.swift in Sources */,
				5AF458282010949F00BEB00E /* ViewController.swift in Sources */,
				5AF458262010949F00BEB00E /* AppDelegate.swift in Sources */,
				5AF4583C2010AC0D00BEB00E /* VC2.swift in Sources */,
				5AF4583A2010AC0300BEB00E /* VC1.swift in Sources */,
				5AF45838201094DA00BEB00E /* CustomSegmentedContrl.swift in Sources */,
			);
			runOnlyForDeploymentPostprocessing = 0;
		};
/* End PBXSourcesBuildPhase section */

/* Begin PBXVariantGroup section */
		5AF458292010949F00BEB00E /* Main.storyboard */ = {
			isa = PBXVariantGroup;
			children = (
				5AF4582A2010949F00BEB00E /* Base */,
			);
			name = Main.storyboard;
			sourceTree = "<group>";
		};
		5AF4582E2010949F00BEB00E /* LaunchScreen.storyboard */ = {
			isa = PBXVariantGroup;
			children = (
				5AF4582F2010949F00BEB00E /* Base */,
			);
			name = LaunchScreen.storyboard;
			sourceTree = "<group>";
		};
/* End PBXVariantGroup section */

/* Begin XCBuildConfiguration section */
		5AF458322010949F00BEB00E /* Debug */ = {
			isa = XCBuildConfiguration;
			buildSettings = {
				ALWAYS_SEARCH_USER_PATHS = NO;
				CLANG_ANALYZER_NONNULL = YES;
				CLANG_ANALYZER_NUMBER_OBJECT_CONVERSION = YES_AGGRESSIVE;
				CLANG_CXX_LANGUAGE_STANDARD = "gnu++14";
				CLANG_CXX_LIBRARY = "libc++";
				CLANG_ENABLE_MODULES = YES;
				CLANG_ENABLE_OBJC_ARC = YES;
				CLANG_WARN_BLOCK_CAPTURE_AUTORELEASING = YES;
				CLANG_WARN_BOOL_CONVERSION = YES;
				CLANG_WARN_COMMA = YES;
				CLANG_WARN_CONSTANT_CONVERSION = YES;
				CLANG_WARN_DIRECT_OBJC_ISA_USAGE = YES_ERROR;
				CLANG_WARN_DOCUMENTATION_COMMENTS = YES;
				CLANG_WARN_EMPTY_BODY = YES;
				CLANG_WARN_ENUM_CONVERSION = YES;
				CLANG_WARN_INFINITE_RECURSION = YES;
				CLANG_WARN_INT_CONVERSION = YES;
				CLANG_WARN_NON_LITERAL_NULL_CONVERSION = YES;
				CLANG_WARN_OBJC_LITERAL_CONVERSION = YES;
				CLANG_WARN_OBJC_ROOT_CLASS = YES_ERROR;
				CLANG_WARN_RANGE_LOOP_ANALYSIS = YES;
				CLANG_WARN_STRICT_PROTOTYPES = YES;
				CLANG_WARN_SUSPICIOUS_MOVE = YES;
				CLANG_WARN_UNGUARDED_AVAILABILITY = YES_AGGRESSIVE;
				CLANG_WARN_UNREACHABLE_CODE = YES;
				CLANG_WARN__DUPLICATE_METHOD_MATCH = YES;
				CODE_SIGN_IDENTITY = "iPhone Developer";
				COPY_PHASE_STRIP = NO;
				DEBUG_INFORMATION_FORMAT = dwarf;
				ENABLE_STRICT_OBJC_MSGSEND = YES;
				ENABLE_TESTABILITY = YES;
				GCC_C_LANGUAGE_STANDARD = gnu11;
				GCC_DYNAMIC_NO_PIC = NO;
				GCC_NO_COMMON_BLOCKS = YES;
				GCC_OPTIMIZATION_LEVEL = 0;
				GCC_PREPROCESSOR_DEFINITIONS = (
					"DEBUG=1",
					"$(inherited)",
				);
				GCC_WARN_64_TO_32_BIT_CONVERSION = YES;
				GCC_WARN_ABOUT_RETURN_TYPE = YES_ERROR;
				GCC_WARN_UNDECLARED_SELECTOR = YES;
				GCC_WARN_UNINITIALIZED_AUTOS = YES_AGGRESSIVE;
				GCC_WARN_UNUSED_FUNCTION = YES;
				GCC_WARN_UNUSED_VARIABLE = YES;
				IPHONEOS_DEPLOYMENT_TARGET = 11.2;
				MTL_ENABLE_DEBUG_INFO = YES;
				ONLY_ACTIVE_ARCH = YES;
				SDKROOT = iphoneos;
				SWIFT_ACTIVE_COMPILATION_CONDITIONS = DEBUG;
				SWIFT_OPTIMIZATION_LEVEL = "-Onone";
			};
			name = Debug;
		};
		5AF458332010949F00BEB00E /* Release */ = {
			isa = XCBuildConfiguration;
			buildSettings = {
				ALWAYS_SEARCH_USER_PATHS = NO;
				CLANG_ANALYZER_NONNULL = YES;
				CLANG_ANALYZER_NUMBER_OBJECT_CONVERSION = YES_AGGRESSIVE;
				CLANG_CXX_LANGUAGE_STANDARD = "gnu++14";
				CLANG_CXX_LIBRARY = "libc++";
				CLANG_ENABLE_MODULES = YES;
				CLANG_ENABLE_OBJC_ARC = YES;
				CLANG_WARN_BLOCK_CAPTURE_AUTORELEASING = YES;
				CLANG_WARN_BOOL_CONVERSION = YES;
				CLANG_WARN_COMMA = YES;
				CLANG_WARN_CONSTANT_CONVERSION = YES;
				CLANG_WARN_DIRECT_OBJC_ISA_USAGE = YES_ERROR;
				CLANG_WARN_DOCUMENTATION_COMMENTS = YES;
				CLANG_WARN_EMPTY_BODY = YES;
				CLANG_WARN_ENUM_CONVERSION = YES;
				CLANG_WARN_INFINITE_RECURSION = YES;
				CLANG_WARN_INT_CONVERSION = YES;
				CLANG_WARN_NON_LITERAL_NULL_CONVERSION = YES;
				CLANG_WARN_OBJC_LITERAL_CONVERSION = YES;
				CLANG_WARN_OBJC_ROOT_CLASS = YES_ERROR;
				CLANG_WARN_RANGE_LOOP_ANALYSIS = YES;
				CLANG_WARN_STRICT_PROTOTYPES = YES;
				CLANG_WARN_SUSPICIOUS_MOVE = YES;
				CLANG_WARN_UNGUARDED_AVAILABILITY = YES_AGGRESSIVE;
				CLANG_WARN_UNREACHABLE_CODE = YES;
				CLANG_WARN__DUPLICATE_METHOD_MATCH = YES;
				CODE_SIGN_IDENTITY = "iPhone Developer";
				COPY_PHASE_STRIP = NO;
				DEBUG_INFORMATION_FORMAT = "dwarf-with-dsym";
				ENABLE_NS_ASSERTIONS = NO;
				ENABLE_STRICT_OBJC_MSGSEND = YES;
				GCC_C_LANGUAGE_STANDARD = gnu11;
				GCC_NO_COMMON_BLOCKS = YES;
				GCC_WARN_64_TO_32_BIT_CONVERSION = YES;
				GCC_WARN_ABOUT_RETURN_TYPE = YES_ERROR;
				GCC_WARN_UNDECLARED_SELECTOR = YES;
				GCC_WARN_UNINITIALIZED_AUTOS = YES_AGGRESSIVE;
				GCC_WARN_UNUSED_FUNCTION = YES;
				GCC_WARN_UNUSED_VARIABLE = YES;
				IPHONEOS_DEPLOYMENT_TARGET = 11.2;
				MTL_ENABLE_DEBUG_INFO = NO;
				SDKROOT = iphoneos;
				SWIFT_OPTIMIZATION_LEVEL = "-Owholemodule";
				VALIDATE_PRODUCT = YES;
			};
			name = Release;
		};
		5AF458352010949F00BEB00E /* Debug */ = {
			isa = XCBuildConfiguration;
			buildSettings = {
				ASSETCATALOG_COMPILER_APPICON_NAME = AppIcon;
				CODE_SIGN_STYLE = Automatic;
				DEVELOPMENT_TEAM = Q783J47277;
				INFOPLIST_FILE = CustomSEgmentedControl/Info.plist;
				LD_RUNPATH_SEARCH_PATHS = "$(inherited) @executable_path/Frameworks";
				PRODUCT_BUNDLE_IDENTIFIER = ssss.CustomSEgmentedControl;
				PRODUCT_NAME = "$(TARGET_NAME)";
				SWIFT_VERSION = 4.0;
				TARGETED_DEVICE_FAMILY = "1,2";
			};
			name = Debug;
		};
		5AF458362010949F00BEB00E /* Release */ = {
			isa = XCBuildConfiguration;
			buildSettings = {
				ASSETCATALOG_COMPILER_APPICON_NAME = AppIcon;
				CODE_SIGN_STYLE = Automatic;
				DEVELOPMENT_TEAM = Q783J47277;
				INFOPLIST_FILE = CustomSEgmentedControl/Info.plist;
				LD_RUNPATH_SEARCH_PATHS = "$(inherited) @executable_path/Frameworks";
				PRODUCT_BUNDLE_IDENTIFIER = ssss.CustomSEgmentedControl;
				PRODUCT_NAME = "$(TARGET_NAME)";
				SWIFT_VERSION = 4.0;
				TARGETED_DEVICE_FAMILY = "1,2";
			};
			name = Release;
		};
/* End XCBuildConfiguration section */

/* Begin XCConfigurationList section */
		5AF4581D2010949F00BEB00E /* Build configuration list for PBXProject "CustomSEgmentedControl" */ = {
			isa = XCConfigurationList;
			buildConfigurations = (
				5AF458322010949F00BEB00E /* Debug */,
				5AF458332010949F00BEB00E /* Release */,
			);
			defaultConfigurationIsVisible = 0;
			defaultConfigurationName = Release;
		};
		5AF458342010949F00BEB00E /* Build configuration list for PBXNativeTarget "CustomSEgmentedControl" */ = {
			isa = XCConfigurationList;
			buildConfigurations = (
				5AF458352010949F00BEB00E /* Debug */,
				5AF458362010949F00BEB00E /* Release */,
			);
			defaultConfigurationIsVisible = 0;
			defaultConfigurationName = Release;
		};
/* End XCConfigurationList section */
	};
	rootObject = 5AF4581A2010949F00BEB00E /* Project object */;
}
